
Microsoft Visual Studio Solution File, Format Version 12.00
# Visual Studio Version 16
VisualStudioVersion = 16.0.31321.278
MinimumVisualStudioVersion = 10.0.40219.1
Project("{9A19103F-16F7-4668-BE54-9A1E7A4F7556}") = "HomeWork.Api.Domain", "Domain\HomeWork.Api.Domain.csproj", "{7F910631-192F-483F-831B-96CE54BA789A}"
EndProject
Project("{9A19103F-16F7-4668-BE54-9A1E7A4F7556}") = "HomeWork.Api.Application", "Application\HomeWork.Api.Application.csproj", "{BAC5CD40-64BB-4064-8074-245C88212F79}"
EndProject
Project("{9A19103F-16F7-4668-BE54-9A1E7A4F7556}") = "HomeWork.Api.Infrastructure", "Infrastructure\HomeWork.Api.Infrastructure.csproj", "{420F9AFA-A9FF-42FE-97BB-DDDBAB866B1F}"
EndProject
Project("{9A19103F-16F7-4668-BE54-9A1E7A4F7556}") = "HomeWork.Api.WebAPI", "WebAPI\HomeWork.Api.WebAPI.csproj", "{E080AAE4-1C7E-4970-A220-CA085D410045}"
EndProject
Project("{2150E333-8FDC-42A3-9474-1A3956D46DE8}") = "Api", "Api", "{C29AF635-2F8E-44E5-B5EE-914FC0FC0F56}"
EndProject
Project("{2150E333-8FDC-42A3-9474-1A3956D46DE8}") = "Client", "Client", "{31997EA9-8033-40ED-9E38-AB0DBE5D942B}"
EndProject
Project("{9A19103F-16F7-4668-BE54-9A1E7A4F7556}") = "HomeWork.Client.App", "HomeWorkClient\HomeWork.Client.App.csproj", "{A94E9347-8581-48EE-9844-E805BD51EC10}"
EndProject
Project("{9A19103F-16F7-4668-BE54-9A1E7A4F7556}") = "HomeWork.Client.Core", "HomeWork.Core\HomeWork.Client.Core.csproj", "{2DAD292F-7A39-4C4E-AE42-BAFEDEB3B886}"
EndProject
Global
	GlobalSection(SolutionConfigurationPlatforms) = preSolution
		Debug|Any CPU = Debug|Any CPU
		Release|Any CPU = Release|Any CPU
	EndGlobalSection
	GlobalSection(ProjectConfigurationPlatforms) = postSolution
		{7F910631-192F-483F-831B-96CE54BA789A}.Debug|Any CPU.ActiveCfg = Debug|Any CPU
		{7F910631-192F-483F-831B-96CE54BA789A}.Debug|Any CPU.Build.0 = Debug|Any CPU
		{7F910631-192F-483F-831B-96CE54BA789A}.Release|Any CPU.ActiveCfg = Release|Any CPU
		{7F910631-192F-483F-831B-96CE54BA789A}.Release|Any CPU.Build.0 = Release|Any CPU
		{BAC5CD40-64BB-4064-8074-245C88212F79}.Debug|Any CPU.ActiveCfg = Debug|Any CPU
		{BAC5CD40-64BB-4064-8074-245C88212F79}.Debug|Any CPU.Build.0 = Debug|Any CPU
		{BAC5CD40-64BB-4064-8074-245C88212F79}.Release|Any CPU.ActiveCfg = Release|Any CPU
		{BAC5CD40-64BB-4064-8074-245C88212F79}.Release|Any CPU.Build.0 = Release|Any CPU
		{420F9AFA-A9FF-42FE-97BB-DDDBAB866B1F}.Debug|Any CPU.ActiveCfg = Debug|Any CPU
		{420F9AFA-A9FF-42FE-97BB-DDDBAB866B1F}.Debug|Any CPU.Build.0 = Debug|Any CPU
		{420F9AFA-A9FF-42FE-97BB-DDDBAB866B1F}.Release|Any CPU.ActiveCfg = Release|Any CPU
		{420F9AFA-A9FF-42FE-97BB-DDDBAB866B1F}.Release|Any CPU.Build.0 = Release|Any CPU
		{E080AAE4-1C7E-4970-A220-CA085D410045}.Debug|Any CPU.ActiveCfg = Debug|Any CPU
		{E080AAE4-1C7E-4970-A220-CA085D410045}.Debug|Any CPU.Build.0 = Debug|Any CPU
		{E080AAE4-1C7E-4970-A220-CA085D410045}.Release|Any CPU.ActiveCfg = Release|Any CPU
		{E080AAE4-1C7E-4970-A220-CA085D410045}.Release|Any CPU.Build.0 = Release|Any CPU
		{A94E9347-8581-48EE-9844-E805BD51EC10}.Debug|Any CPU.ActiveCfg = Debug|Any CPU
		{A94E9347-8581-48EE-9844-E805BD51EC10}.Debug|Any CPU.Build.0 = Debug|Any CPU
		{A94E9347-8581-48EE-9844-E805BD51EC10}.Release|Any CPU.ActiveCfg = Release|Any CPU
		{A94E9347-8581-48EE-9844-E805BD51EC10}.Release|Any CPU.Build.0 = Release|Any CPU
		{2DAD292F-7A39-4C4E-AE42-BAFEDEB3B886}.Debug|Any CPU.ActiveCfg = Debug|Any CPU
		{2DAD292F-7A39-4C4E-AE42-BAFEDEB3B886}.Debug|Any CPU.Build.0 = Debug|Any CPU
		{2DAD292F-7A39-4C4E-AE42-BAFEDEB3B886}.Release|Any CPU.ActiveCfg = Release|Any CPU
		{2DAD292F-7A39-4C4E-AE42-BAFEDEB3B886}.Release|Any CPU.Build.0 = Release|Any CPU
	EndGlobalSection
	GlobalSection(SolutionProperties) = preSolution
		HideSolutionNode = FALSE
	EndGlobalSection
	GlobalSection(NestedProjects) = preSolution
		{7F910631-192F-483F-831B-96CE54BA789A} = {C29AF635-2F8E-44E5-B5EE-914FC0FC0F56}
		{BAC5CD40-64BB-4064-8074-245C88212F79} = {C29AF635-2F8E-44E5-B5EE-914FC0FC0F56}
		{420F9AFA-A9FF-42FE-97BB-DDDBAB866B1F} = {C29AF635-2F8E-44E5-B5EE-914FC0FC0F56}
		{E080AAE4-1C7E-4970-A220-CA085D410045} = {C29AF635-2F8E-44E5-B5EE-914FC0FC0F56}
		{A94E9347-8581-48EE-9844-E805BD51EC10} = {31997EA9-8033-40ED-9E38-AB0DBE5D942B}
		{2DAD292F-7A39-4C4E-AE42-BAFEDEB3B886} = {31997EA9-8033-40ED-9E38-AB0DBE5D942B}
	EndGlobalSection
	GlobalSection(ExtensibilityGlobals) = postSolution
		SolutionGuid = {E8D155FE-0E63-455F-B466-3E9A74D94A5D}
	EndGlobalSection
EndGlobal
